
Microsoft Visual Studio Solution File, Format Version 12.00
# Visual Studio 14
VisualStudioVersion = 14.0.23107.0
MinimumVisualStudioVersion = 10.0.40219.1
Project("{FAE04EC0-301F-11D3-BF4B-00C04F79EFBC}") = "UWPClassLibrary", "UWPClassLibrary\UWPClassLibrary.csproj", "{4D0FBE61-D57D-48D2-A3A4-A316429508CD}"
EndProject
Project("{FAE04EC0-301F-11D3-BF4B-00C04F79EFBC}") = "UWPClassLibraryStubWin", "UWPClassLibraryStubWin\UWPClassLibraryStubWin.csproj", "{6DB2C465-6507-41D0-9F1F-9CC25051A868}"
EndProject
Global
	GlobalSection(SolutionConfigurationPlatforms) = preSolution
		Debug|Any CPU = Debug|Any CPU
		Debug|ARM = Debug|ARM
		Debug|x64 = Debug|x64
		Debug|x86 = Debug|x86
		Release|Any CPU = Release|Any CPU
		Release|ARM = Release|ARM
		Release|x64 = Release|x64
		Release|x86 = Release|x86
	EndGlobalSection
	GlobalSection(ProjectConfigurationPlatforms) = postSolution
		{4D0FBE61-D57D-48D2-A3A4-A316429508CD}.Debug|Any CPU.ActiveCfg = Debug|Any CPU
		{4D0FBE61-D57D-48D2-A3A4-A316429508CD}.Debug|Any CPU.Build.0 = Debug|Any CPU
		{4D0FBE61-D57D-48D2-A3A4-A316429508CD}.Debug|ARM.ActiveCfg = Debug|ARM
		{4D0FBE61-D57D-48D2-A3A4-A316429508CD}.Debug|ARM.Build.0 = Debug|ARM
		{4D0FBE61-D57D-48D2-A3A4-A316429508CD}.Debug|x64.ActiveCfg = Debug|x64
		{4D0FBE61-D57D-48D2-A3A4-A316429508CD}.Debug|x64.Build.0 = Debug|x64
		{4D0FBE61-D57D-48D2-A3A4-A316429508CD}.Debug|x86.ActiveCfg = Debug|x86
		{4D0FBE61-D57D-48D2-A3A4-A316429508CD}.Debug|x86.Build.0 = Debug|x86
		{4D0FBE61-D57D-48D2-A3A4-A316429508CD}.Release|Any CPU.ActiveCfg = Release|Any CPU
		{4D0FBE61-D57D-48D2-A3A4-A316429508CD}.Release|Any CPU.Build.0 = Release|Any CPU
		{4D0FBE61-D57D-48D2-A3A4-A316429508CD}.Release|ARM.ActiveCfg = Release|ARM
		{4D0FBE61-D57D-48D2-A3A4-A316429508CD}.Release|ARM.Build.0 = Release|ARM
		{4D0FBE61-D57D-48D2-A3A4-A316429508CD}.Release|x64.ActiveCfg = Release|x64
		{4D0FBE61-D57D-48D2-A3A4-A316429508CD}.Release|x64.Build.0 = Release|x64
		{4D0FBE61-D57D-48D2-A3A4-A316429508CD}.Release|x86.ActiveCfg = Release|x86
		{4D0FBE61-D57D-48D2-A3A4-A316429508CD}.Release|x86.Build.0 = Release|x86
		{6DB2C465-6507-41D0-9F1F-9CC25051A868}.Debug|Any CPU.ActiveCfg = Debug|Any CPU
		{6DB2C465-6507-41D0-9F1F-9CC25051A868}.Debug|Any CPU.Build.0 = Debug|Any CPU
		{6DB2C465-6507-41D0-9F1F-9CC25051A868}.Debug|ARM.ActiveCfg = Debug|Any CPU
		{6DB2C465-6507-41D0-9F1F-9CC25051A868}.Debug|ARM.Build.0 = Debug|Any CPU
		{6DB2C465-6507-41D0-9F1F-9CC25051A868}.Debug|x64.ActiveCfg = Debug|Any CPU
		{6DB2C465-6507-41D0-9F1F-9CC25051A868}.Debug|x64.Build.0 = Debug|Any CPU
		{6DB2C465-6507-41D0-9F1F-9CC25051A868}.Debug|x86.ActiveCfg = Debug|Any CPU
		{6DB2C465-6507-41D0-9F1F-9CC25051A868}.Debug|x86.Build.0 = Debug|Any CPU
		{6DB2C465-6507-41D0-9F1F-9CC25051A868}.Release|Any CPU.ActiveCfg = Release|Any CPU
		{6DB2C465-6507-41D0-9F1F-9CC25051A868}.Release|Any CPU.Build.0 = Release|Any CPU
		{6DB2C465-6507-41D0-9F1F-9CC25051A868}.Release|ARM.ActiveCfg = Release|Any CPU
		{6DB2C465-6507-41D0-9F1F-9CC25051A868}.Release|ARM.Build.0 = Release|Any CPU
		{6DB2C465-6507-41D0-9F1F-9CC25051A868}.Release|x64.ActiveCfg = Release|Any CPU
		{6DB2C465-6507-41D0-9F1F-9CC25051A868}.Release|x64.Build.0 = Release|Any CPU
		{6DB2C465-6507-41D0-9F1F-9CC25051A868}.Release|x86.ActiveCfg = Release|Any CPU
		{6DB2C465-6507-41D0-9F1F-9CC25051A868}.Release|x86.Build.0 = Release|Any CPU
	EndGlobalSection
	GlobalSection(SolutionProperties) = preSolution
		HideSolutionNode = FALSE
	EndGlobalSection
EndGlobal
